{
    "name": "xypriss-compression",
    "version": "1.0.0",
    "lockfileVersion": 3,
    "requires": true,
    "packages": {
        "": {
            "name": "xypriss-compression",
            "version": "1.0.0",
            "license": "MIT",
            "dependencies": {
                "bytes": "^3.1.2",
                "compressible": "^2.0.18",
                "debug": "^2.6.9",
                "on-headers": "^1.1.0",
                "vary": "^1.1.2"
            },
            "devDependencies": {
                "@types/bytes": "^3.1.4",
                "@types/compressible": "^2.0.2",
                "@types/debug": "^4.1.12",
                "@types/node": "^20.0.0",
                "@types/on-headers": "^1.0.4",
                "@types/vary": "^1.1.3",
                "typescript": "^5.3.0"
            },
            "engines": {
                "node": ">= 14.0.0"
            }
        },
        "node_modules/@types/bytes": {
            "version": "3.1.5",
            "resolved": "https://registry.npmjs.org/@types/bytes/-/bytes-3.1.5.tgz",
            "integrity": "sha512-VgZkrJckypj85YxEsEavcMmmSOIzkUHqWmM4CCyia5dc54YwsXzJ5uT4fYxBQNEXx+oF1krlhgCbvfubXqZYsQ==",
            "dev": true,
            "license": "MIT"
        },
        "node_modules/@types/compressible": {
            "version": "2.0.3",
            "resolved": "https://registry.npmjs.org/@types/compressible/-/compressible-2.0.3.tgz",
            "integrity": "sha512-ywiUZGaJqaYMIzAFslaNq3GzaAKT+Hwq0Yh1wULe3HLCdr1+cfd5RQTLQUR7MMbIedlGrotRVcfqiY4R7K9QAQ==",
            "dev": true,
            "license": "MIT"
        },
        "node_modules/@types/debug": {
            "version": "4.1.12",
            "resolved": "https://registry.npmjs.org/@types/debug/-/debug-4.1.12.tgz",
            "integrity": "sha512-vIChWdVG3LG1SMxEvI/AK+FWJthlrqlTu7fbrlywTkkaONwk/UAGaULXRlf8vkzFBLVm0zkMdCquhL5aOjhXPQ==",
            "dev": true,
            "license": "MIT",
            "dependencies": {
                "@types/ms": "*"
            }
        },
        "node_modules/@types/ms": {
            "version": "2.1.0",
            "resolved": "https://registry.npmjs.org/@types/ms/-/ms-2.1.0.tgz",
            "integrity": "sha512-GsCCIZDE/p3i96vtEqx+7dBUGXrc7zeSK3wwPHIaRThS+9OhWIXRqzs4d6k1SVU8g91DrNRWxWUGhp5KXQb2VA==",
            "dev": true,
            "license": "MIT"
        },
        "node_modules/@types/node": {
            "version": "20.19.26",
            "resolved": "https://registry.npmjs.org/@types/node/-/node-20.19.26.tgz",
            "integrity": "sha512-0l6cjgF0XnihUpndDhk+nyD3exio3iKaYROSgvh/qSevPXax3L8p5DBRFjbvalnwatGgHEQn2R88y2fA3g4irg==",
            "dev": true,
            "license": "MIT",
            "dependencies": {
                "undici-types": "~6.21.0"
            }
        },
        "node_modules/@types/on-headers": {
            "version": "1.0.4",
            "resolved": "https://registry.npmjs.org/@types/on-headers/-/on-headers-1.0.4.tgz",
            "integrity": "sha512-D8Dy7oiM4fFQPA1TtHVTGPFNgCCYY132dTFLezhvlPiiiyKkuW6tVipPXpUOiuTUu8Kzd+ASKjULvZld197Dhw==",
            "dev": true,
            "license": "MIT",
            "dependencies": {
                "@types/node": "*"
            }
        },
        "node_modules/@types/vary": {
            "version": "1.1.3",
            "resolved": "https://registry.npmjs.org/@types/vary/-/vary-1.1.3.tgz",
            "integrity": "sha512-XJT8/ZQCL7NUut9QDLf6l24JfAEl7bnNdgxfj50cHIpEPRJLHHDDFOAq6i+GsEmeFfH7NamhBE4c4Thtb2egWg==",
            "dev": true,
            "license": "MIT",
            "dependencies": {
                "@types/node": "*"
            }
        },
        "node_modules/bytes": {
            "version": "3.1.2",
            "resolved": "https://registry.npmjs.org/bytes/-/bytes-3.1.2.tgz",
            "integrity": "sha512-/Nf7TyzTx6S3yRJObOAV7956r8cr2+Oj8AC5dt8wSP3BQAoeX58NoHyCU8P8zGkNXStjTSi6fzO6F0pBdcYbEg==",
            "license": "MIT",
            "engines": {
                "node": ">= 0.8"
            }
        },
        "node_modules/compressible": {
            "version": "2.0.18",
            "resolved": "https://registry.npmjs.org/compressible/-/compressible-2.0.18.tgz",
            "integrity": "sha512-AF3r7P5dWxL8MxyITRMlORQNaOA2IkAFaTr4k7BUumjPtRpGDTZpl0Pb1XCO6JeDCBdp126Cgs9sMxqSjgYyRg==",
            "license": "MIT",
            "dependencies": {
                "mime-db": ">= 1.43.0 < 2"
            },
            "engines": {
                "node": ">= 0.6"
            }
        },
        "node_modules/debug": {
            "version": "2.6.9",
            "resolved": "https://registry.npmjs.org/debug/-/debug-2.6.9.tgz",
            "integrity": "sha512-bC7ElrdJaJnPbAP+1EotYvqZsb3ecl5wi6Bfi6BJTUcNowp6cvspg0jXznRTKDjm/E7AdgFBVeAPVMNcKGsHMA==",
            "license": "MIT",
            "dependencies": {
                "ms": "2.0.0"
            }
        },
        "node_modules/mime-db": {
            "version": "1.54.0",
            "resolved": "https://registry.npmjs.org/mime-db/-/mime-db-1.54.0.tgz",
            "integrity": "sha512-aU5EJuIN2WDemCcAp2vFBfp/m4EAhWJnUNSSw0ixs7/kXbd6Pg64EmwJkNdFhB8aWt1sH2CTXrLxo/iAGV3oPQ==",
            "license": "MIT",
            "engines": {
                "node": ">= 0.6"
            }
        },
        "node_modules/ms": {
            "version": "2.0.0",
            "resolved": "https://registry.npmjs.org/ms/-/ms-2.0.0.tgz",
            "integrity": "sha512-Tpp60P6IUJDTuOq/5Z8cdskzJujfwqfOTkrwIwj7IRISpnkJnT6SyJ4PCPnGMoFjC9ddhal5KVIYtAt97ix05A==",
            "license": "MIT"
        },
        "node_modules/on-headers": {
            "version": "1.1.0",
            "resolved": "https://registry.npmjs.org/on-headers/-/on-headers-1.1.0.tgz",
            "integrity": "sha512-737ZY3yNnXy37FHkQxPzt4UZ2UWPWiCZWLvFZ4fu5cueciegX0zGPnrlY6bwRg4FdQOe9YU8MkmJwGhoMybl8A==",
            "license": "MIT",
            "engines": {
                "node": ">= 0.8"
            }
        },
        "node_modules/typescript": {
            "version": "5.9.3",
            "resolved": "https://registry.npmjs.org/typescript/-/typescript-5.9.3.tgz",
            "integrity": "sha512-jl1vZzPDinLr9eUt3J/t7V6FgNEw9QjvBPdysz9KfQDD41fQrC2Y4vKQdiaUpFT4bXlb1RHhLpp8wtm6M5TgSw==",
            "dev": true,
            "license": "Apache-2.0",
            "bin": {
                "tsc": "bin/tsc",
                "tsserver": "bin/tsserver"
            },
            "engines": {
                "node": ">=14.17"
            }
        },
        "node_modules/undici-types": {
            "version": "6.21.0",
            "resolved": "https://registry.npmjs.org/undici-types/-/undici-types-6.21.0.tgz",
            "integrity": "sha512-iwDZqg0QAGrg9Rav5H4n0M64c3mkR59cJ6wQp+7C4nI0gsmExaedaYLNO44eT4AtBBwjbTiGPMlt2Md0T9H9JQ==",
            "dev": true,
            "license": "MIT"
        },
        "node_modules/vary": {
            "version": "1.1.2",
            "resolved": "https://registry.npmjs.org/vary/-/vary-1.1.2.tgz",
            "integrity": "sha512-BNGbWLfd0eUPabhkXUVm0j8uuvREyTh5ovRa/dyow/BqAbZJyC+5fU+IzQOzmAKzYqYRAISoRhdQr3eIZ/PXqg==",
            "license": "MIT",
            "engines": {
                "node": ">= 0.8"
            }
        }
    }
}
